%{
  "circuits_uart": {:hex, :circuits_uart, "1.3.1", "8c0a56f06828133a0b08363ecb994350a9529d388a912357d31829ae617cd801", [:mix], [{:elixir_make, "~> 0.4", [hex: :elixir_make, optional: false]}]},
  "cowboy": {:hex, :cowboy, "1.1.2", "61ac29ea970389a88eca5a65601460162d370a70018afe6f949a29dca91f3bb0", [:rebar3], [{:cowlib, "~> 1.0.2", [hex: :cowlib, optional: false]}, {:ranch, "~> 1.3.2", [hex: :ranch, optional: false]}]},
  "cowlib": {:hex, :cowlib, "1.0.2", "9d769a1d062c9c3ac753096f868ca121e2730b9a377de23dec0f7e08b1df84ee", [:make], []},
  "echo": {:git, "git@github.com:ghitchens/echo.git", "4914a506cc261cab2bcd8fc525ea63f5785c9297", []},
  "elixir_make": {:hex, :elixir_make, "0.5.2", "96a28c79f5b8d34879cd95ebc04d2a0d678cfbbd3e74c43cb63a76adf0ee8054", [:mix], [], "hexpm"},
  "erlang-serial": {:git, "https://github.com/ghitchens/erlang-serial.git", "974aa9e7f326a557de7ee7e7c4eb888ed32d45c0", []},
  "gen_state_machine": {:hex, :gen_state_machine, "2.0.5", "9ac15ec6e66acac994cc442dcc2c6f9796cf380ec4b08267223014be1c728a95", [:mix], []},
  "jsx": {:git, "https://github.com/talentdeficit/jsx.git", "e50af6e109cb03bd26acf715cbc77de746507d1d", [ref: "v1.4.3"]},
  "nerves_uart": {:hex, :nerves_uart, "0.1.2", "4310dbb1721a5a007b8e5c416cf81754415bde6b7e2c9aa65a059886b85e637c", [:make, :mix], [{:elixir_make, "~> 0.4", [hex: :elixir_make, optional: false]}]},
  "ranch": {:hex, :ranch, "1.3.2", "e4965a144dc9fbe70e5c077c65e73c57165416a901bd02ea899cfd95aa890986", [:rebar3], []},
  "tortoise": {:hex, :tortoise, "0.9.4", "3bca5f4475f80a5bd45aab644ddb3364dd0956b67f4202dcef6ed20e045ea3a6", [:mix], [{:gen_state_machine, "~> 2.0", [hex: :gen_state_machine, optional: false]}]},
}
